
Microsoft Visual Studio Solution File, Format Version 12.00
# Visual Studio Version 16
VisualStudioVersion = 16.0.30517.126
MinimumVisualStudioVersion = 10.0.40219.1
Project("{9A19103F-16F7-4668-BE54-9A1E7A4F7556}") = "ContactsApi", "ContactsApi.csproj", "{1CA2E771-4FDD-4CBA-86A9-C3A9D0D29E81}"
EndProject
Project("{9A19103F-16F7-4668-BE54-9A1E7A4F7556}") = "ContactsApi.Tests", "ContactsApi.Tests\ContactsApi.Tests.csproj", "{E36425D4-D102-424C-8214-0DF2A21B6E55}"
EndProject
Project("{9A19103F-16F7-4668-BE54-9A1E7A4F7556}") = "ContactsApi.Data", "ContactsApi.Data\ContactsApi.Data.csproj", "{88062EF6-4F23-42E9-980C-0A8DAC4CD1C3}"
EndProject
Global
	GlobalSection(SolutionConfigurationPlatforms) = preSolution
		Debug|Any CPU = Debug|Any CPU
		Release|Any CPU = Release|Any CPU
	EndGlobalSection
	GlobalSection(ProjectConfigurationPlatforms) = postSolution
		{1CA2E771-4FDD-4CBA-86A9-C3A9D0D29E81}.Debug|Any CPU.ActiveCfg = Debug|Any CPU
		{1CA2E771-4FDD-4CBA-86A9-C3A9D0D29E81}.Debug|Any CPU.Build.0 = Debug|Any CPU
		{1CA2E771-4FDD-4CBA-86A9-C3A9D0D29E81}.Release|Any CPU.ActiveCfg = Release|Any CPU
		{1CA2E771-4FDD-4CBA-86A9-C3A9D0D29E81}.Release|Any CPU.Build.0 = Release|Any CPU
		{E36425D4-D102-424C-8214-0DF2A21B6E55}.Debug|Any CPU.ActiveCfg = Debug|Any CPU
		{E36425D4-D102-424C-8214-0DF2A21B6E55}.Debug|Any CPU.Build.0 = Debug|Any CPU
		{E36425D4-D102-424C-8214-0DF2A21B6E55}.Release|Any CPU.ActiveCfg = Release|Any CPU
		{E36425D4-D102-424C-8214-0DF2A21B6E55}.Release|Any CPU.Build.0 = Release|Any CPU
		{88062EF6-4F23-42E9-980C-0A8DAC4CD1C3}.Debug|Any CPU.ActiveCfg = Debug|Any CPU
		{88062EF6-4F23-42E9-980C-0A8DAC4CD1C3}.Debug|Any CPU.Build.0 = Debug|Any CPU
		{88062EF6-4F23-42E9-980C-0A8DAC4CD1C3}.Release|Any CPU.ActiveCfg = Release|Any CPU
		{88062EF6-4F23-42E9-980C-0A8DAC4CD1C3}.Release|Any CPU.Build.0 = Release|Any CPU
	EndGlobalSection
	GlobalSection(SolutionProperties) = preSolution
		HideSolutionNode = FALSE
	EndGlobalSection
	GlobalSection(ExtensibilityGlobals) = postSolution
		SolutionGuid = {2E969E4A-7507-499A-AD74-C18AA4E5346E}
	EndGlobalSection
EndGlobal
